// !$*UTF8*$!
{
	archiveVersion = 1;
	classes = {
	};
	objectVersion = 46;
	objects = {

/* Begin PBXBuildFile section */
		828272771D6AE66600787325 /* AppDelegate.swift in Sources */ = {isa = PBXBuildFile; fileRef = 828272761D6AE66600787325 /* AppDelegate.swift */; };
		828272791D6AE66600787325 /* MemeEditorViewController.swift in Sources */ = {isa = PBXBuildFile; fileRef = 828272781D6AE66600787325 /* MemeEditorViewController.swift */; };
		8282727C1D6AE66600787325 /* Main.storyboard in Resources */ = {isa = PBXBuildFile; fileRef = 8282727A1D6AE66600787325 /* Main.storyboard */; };
		8282727E1D6AE66600787325 /* Assets.xcassets in Resources */ = {isa = PBXBuildFile; fileRef = 8282727D1D6AE66600787325 /* Assets.xcassets */; };
		828272811D6AE66600787325 /* LaunchScreen.storyboard in Resources */ = {isa = PBXBuildFile; fileRef = 8282727F1D6AE66600787325 /* LaunchScreen.storyboard */; };
		828272891D6AFAD700787325 /* MemeModel.swift in Sources */ = {isa = PBXBuildFile; fileRef = 828272881D6AFAD700787325 /* MemeModel.swift */; };
		8282728B1D6AFEC600787325 /* Impact.otf in Resources */ = {isa = PBXBuildFile; fileRef = 8282728A1D6AFEC600787325 /* Impact.otf */; };
		82A4553A1D780BFB00A8D7D4 /* MemeTableViewCell.swift in Sources */ = {isa = PBXBuildFile; fileRef = 82A455391D780BFB00A8D7D4 /* MemeTableViewCell.swift */; };
		82A4553C1D780C1B00A8D7D4 /* MemeCollectionViewCell.swift in Sources */ = {isa = PBXBuildFile; fileRef = 82A4553B1D780C1B00A8D7D4 /* MemeCollectionViewCell.swift */; };
		82A455431D780D4300A8D7D4 /* MemeDetailViewController.swift in Sources */ = {isa = PBXBuildFile; fileRef = 82A455421D780D4300A8D7D4 /* MemeDetailViewController.swift */; };
		82A455451D780D7100A8D7D4 /* MemeTableViewController.swift in Sources */ = {isa = PBXBuildFile; fileRef = 82A455441D780D7100A8D7D4 /* MemeTableViewController.swift */; };
		82A455471D780D8F00A8D7D4 /* MemeCollectionViewController.swift in Sources */ = {isa = PBXBuildFile; fileRef = 82A455461D780D8F00A8D7D4 /* MemeCollectionViewController.swift */; };
/* End PBXBuildFile section */

/* Begin PBXFileReference section */
		828272731D6AE66600787325 /* MemeMe v1.0.app */ = {isa = PBXFileReference; explicitFileType = wrapper.application; includeInIndex = 0; path = "MemeMe v1.0.app"; sourceTree = BUILT_PRODUCTS_DIR; };
		828272761D6AE66600787325 /* AppDelegate.swift */ = {isa = PBXFileReference; lastKnownFileType = sourcecode.swift; path = AppDelegate.swift; sourceTree = "<group>"; };
		828272781D6AE66600787325 /* MemeEditorViewController.swift */ = {isa = PBXFileReference; lastKnownFileType = sourcecode.swift; path = MemeEditorViewController.swift; sourceTree = "<group>"; };
		8282727B1D6AE66600787325 /* Base */ = {isa = PBXFileReference; lastKnownFileType = file.storyboard; name = Base; path = Base.lproj/Main.storyboard; sourceTree = "<group>"; };
		8282727D1D6AE66600787325 /* Assets.xcassets */ = {isa = PBXFileReference; lastKnownFileType = folder.assetcatalog; path = Assets.xcassets; sourceTree = "<group>"; };
		828272801D6AE66600787325 /* Base */ = {isa = PBXFileReference; lastKnownFileType = file.storyboard; name = Base; path = Base.lproj/LaunchScreen.storyboard; sourceTree = "<group>"; };
		828272821D6AE66600787325 /* Info.plist */ = {isa = PBXFileReference; lastKnownFileType = text.plist.xml; path = Info.plist; sourceTree = "<group>"; };
		828272881D6AFAD700787325 /* MemeModel.swift */ = {isa = PBXFileReference; fileEncoding = 4; lastKnownFileType = sourcecode.swift; path = MemeModel.swift; sourceTree = "<group>"; };
		8282728A1D6AFEC600787325 /* Impact.otf */ = {isa = PBXFileReference; lastKnownFileType = file; path = Impact.otf; sourceTree = "<group>"; };
		82A455391D780BFB00A8D7D4 /* MemeTableViewCell.swift */ = {isa = PBXFileReference; fileEncoding = 4; lastKnownFileType = sourcecode.swift; path = MemeTableViewCell.swift; sourceTree = "<group>"; };
		82A4553B1D780C1B00A8D7D4 /* MemeCollectionViewCell.swift */ = {isa = PBXFileReference; fileEncoding = 4; lastKnownFileType = sourcecode.swift; path = MemeCollectionViewCell.swift; sourceTree = "<group>"; };
		82A455421D780D4300A8D7D4 /* MemeDetailViewController.swift */ = {isa = PBXFileReference; fileEncoding = 4; lastKnownFileType = sourcecode.swift; path = MemeDetailViewController.swift; sourceTree = "<group>"; };
		82A455441D780D7100A8D7D4 /* MemeTableViewController.swift */ = {isa = PBXFileReference; fileEncoding = 4; lastKnownFileType = sourcecode.swift; path = MemeTableViewController.swift; sourceTree = "<group>"; };
		82A455461D780D8F00A8D7D4 /* MemeCollectionViewController.swift */ = {isa = PBXFileReference; fileEncoding = 4; lastKnownFileType = sourcecode.swift; path = MemeCollectionViewController.swift; sourceTree = "<group>"; };
/* End PBXFileReference section */

/* Begin PBXFrameworksBuildPhase section */
		828272701D6AE66600787325 /* Frameworks */ = {
			isa = PBXFrameworksBuildPhase;
			buildActionMask = 2147483647;
			files = (
			);
			runOnlyForDeploymentPostprocessing = 0;
		};
/* End PBXFrameworksBuildPhase section */

/* Begin PBXGroup section */
		8282726A1D6AE66600787325 = {
			isa = PBXGroup;
			children = (
				828272751D6AE66600787325 /* MemeMe v1.0 */,
				8282728A1D6AFEC600787325 /* Impact.otf */,
				828272741D6AE66600787325 /* Products */,
			);
			sourceTree = "<group>";
		};
		828272741D6AE66600787325 /* Products */ = {
			isa = PBXGroup;
			children = (
				828272731D6AE66600787325 /* MemeMe v1.0.app */,
			);
			name = Products;
			sourceTree = "<group>";
		};
		828272751D6AE66600787325 /* MemeMe v1.0 */ = {
			isa = PBXGroup;
			children = (
				828272761D6AE66600787325 /* AppDelegate.swift */,
				82A455401D780C9A00A8D7D4 /* View Controller */,
				82A4553E1D780C6D00A8D7D4 /* Model */,
				82A4553D1D780C3300A8D7D4 /* View Cell */,
				82A455411D780CBE00A8D7D4 /* Other */,
			);
			path = "MemeMe v1.0";
			sourceTree = "<group>";
		};
		82A4553D1D780C3300A8D7D4 /* View Cell */ = {
			isa = PBXGroup;
			children = (
				82A455391D780BFB00A8D7D4 /* MemeTableViewCell.swift */,
				82A4553B1D780C1B00A8D7D4 /* MemeCollectionViewCell.swift */,
			);
			name = "View Cell";
			sourceTree = "<group>";
		};
		82A4553E1D780C6D00A8D7D4 /* Model */ = {
			isa = PBXGroup;
			children = (
				828272881D6AFAD700787325 /* MemeModel.swift */,
			);
			name = Model;
			sourceTree = "<group>";
		};
		82A455401D780C9A00A8D7D4 /* View Controller */ = {
			isa = PBXGroup;
			children = (
				828272781D6AE66600787325 /* MemeEditorViewController.swift */,
				82A455421D780D4300A8D7D4 /* MemeDetailViewController.swift */,
				82A455461D780D8F00A8D7D4 /* MemeCollectionViewController.swift */,
				82A455441D780D7100A8D7D4 /* MemeTableViewController.swift */,
			);
			name = "View Controller";
			sourceTree = "<group>";
		};
		82A455411D780CBE00A8D7D4 /* Other */ = {
			isa = PBXGroup;
			children = (
				8282727A1D6AE66600787325 /* Main.storyboard */,
				8282727D1D6AE66600787325 /* Assets.xcassets */,
				8282727F1D6AE66600787325 /* LaunchScreen.storyboard */,
				828272821D6AE66600787325 /* Info.plist */,
			);
			name = Other;
			sourceTree = "<group>";
		};
/* End PBXGroup section */

/* Begin PBXNativeTarget section */
		828272721D6AE66600787325 /* MemeMe v1.0 */ = {
			isa = PBXNativeTarget;
			buildConfigurationList = 828272851D6AE66600787325 /* Build configuration list for PBXNativeTarget "MemeMe v1.0" */;
			buildPhases = (
				8282726F1D6AE66600787325 /* Sources */,
				828272701D6AE66600787325 /* Frameworks */,
				828272711D6AE66600787325 /* Resources */,
			);
			buildRules = (
			);
			dependencies = (
			);
			name = "MemeMe v1.0";
			productName = "MemeMe v1.0";
			productReference = 828272731D6AE66600787325 /* MemeMe v1.0.app */;
			productType = "com.apple.product-type.application";
		};
/* End PBXNativeTarget section */

/* Begin PBXProject section */
		8282726B1D6AE66600787325 /* Project object */ = {
			isa = PBXProject;
			attributes = {
				LastSwiftUpdateCheck = 0730;
				LastUpgradeCheck = 0730;
				ORGANIZATIONNAME = "Sergey Kravtsov";
				TargetAttributes = {
					828272721D6AE66600787325 = {
						CreatedOnToolsVersion = 7.3;
					};
				};
			};
			buildConfigurationList = 8282726E1D6AE66600787325 /* Build configuration list for PBXProject "MemeMe v1.0" */;
			compatibilityVersion = "Xcode 3.2";
			developmentRegion = English;
			hasScannedForEncodings = 0;
			knownRegions = (
				en,
				Base,
			);
			mainGroup = 8282726A1D6AE66600787325;
			productRefGroup = 828272741D6AE66600787325 /* Products */;
			projectDirPath = "";
			projectRoot = "";
			targets = (
				828272721D6AE66600787325 /* MemeMe v1.0 */,
			);
		};
/* End PBXProject section */

/* Begin PBXResourcesBuildPhase section */
		828272711D6AE66600787325 /* Resources */ = {
			isa = PBXResourcesBuildPhase;
			buildActionMask = 2147483647;
			files = (
				828272811D6AE66600787325 /* LaunchScreen.storyboard in Resources */,
				8282727E1D6AE66600787325 /* Assets.xcassets in Resources */,
				8282727C1D6AE66600787325 /* Main.storyboard in Resources */,
				8282728B1D6AFEC600787325 /* Impact.otf in Resources */,
			);
			runOnlyForDeploymentPostprocessing = 0;
		};
/* End PBXResourcesBuildPhase section */

/* Begin PBXSourcesBuildPhase section */
		8282726F1D6AE66600787325 /* Sources */ = {
			isa = PBXSourcesBuildPhase;
			buildActionMask = 2147483647;
			files = (
				82A4553C1D780C1B00A8D7D4 /* MemeCollectionViewCell.swift in Sources */,
				82A455451D780D7100A8D7D4 /* MemeTableViewController.swift in Sources */,
				828272791D6AE66600787325 /* MemeEditorViewController.swift in Sources */,
				82A4553A1D780BFB00A8D7D4 /* MemeTableViewCell.swift in Sources */,
				82A455471D780D8F00A8D7D4 /* MemeCollectionViewController.swift in Sources */,
				82A455431D780D4300A8D7D4 /* MemeDetailViewController.swift in Sources */,
				828272891D6AFAD700787325 /* MemeModel.swift in Sources */,
				828272771D6AE66600787325 /* AppDelegate.swift in Sources */,
			);
			runOnlyForDeploymentPostprocessing = 0;
		};
/* End PBXSourcesBuildPhase section */

/* Begin PBXVariantGroup section */
		8282727A1D6AE66600787325 /* Main.storyboard */ = {
			isa = PBXVariantGroup;
			children = (
				8282727B1D6AE66600787325 /* Base */,
			);
			name = Main.storyboard;
			sourceTree = "<group>";
		};
		8282727F1D6AE66600787325 /* LaunchScreen.storyboard */ = {
			isa = PBXVariantGroup;
			children = (
				828272801D6AE66600787325 /* Base */,
			);
			name = LaunchScreen.storyboard;
			sourceTree = "<group>";
		};
/* End PBXVariantGroup section */

/* Begin XCBuildConfiguration section */
		828272831D6AE66600787325 /* Debug */ = {
			isa = XCBuildConfiguration;
			buildSettings = {
				ALWAYS_SEARCH_USER_PATHS = NO;
				CLANG_ANALYZER_NONNULL = YES;
				CLANG_CXX_LANGUAGE_STANDARD = "gnu++0x";
				CLANG_CXX_LIBRARY = "libc++";
				CLANG_ENABLE_MODULES = YES;
				CLANG_ENABLE_OBJC_ARC = YES;
				CLANG_WARN_BOOL_CONVERSION = YES;
				CLANG_WARN_CONSTANT_CONVERSION = YES;
				CLANG_WARN_DIRECT_OBJC_ISA_USAGE = YES_ERROR;
				CLANG_WARN_EMPTY_BODY = YES;
				CLANG_WARN_ENUM_CONVERSION = YES;
				CLANG_WARN_INT_CONVERSION = YES;
				CLANG_WARN_OBJC_ROOT_CLASS = YES_ERROR;
				CLANG_WARN_UNREACHABLE_CODE = YES;
				CLANG_WARN__DUPLICATE_METHOD_MATCH = YES;
				"CODE_SIGN_IDENTITY[sdk=iphoneos*]" = "iPhone Developer";
				COPY_PHASE_STRIP = NO;
				DEBUG_INFORMATION_FORMAT = dwarf;
				ENABLE_STRICT_OBJC_MSGSEND = YES;
				ENABLE_TESTABILITY = YES;
				GCC_C_LANGUAGE_STANDARD = gnu99;
				GCC_DYNAMIC_NO_PIC = NO;
				GCC_NO_COMMON_BLOCKS = YES;
				GCC_OPTIMIZATION_LEVEL = 0;
				GCC_PREPROCESSOR_DEFINITIONS = (
					"DEBUG=1",
					"$(inherited)",
				);
				GCC_WARN_64_TO_32_BIT_CONVERSION = YES;
				GCC_WARN_ABOUT_RETURN_TYPE = YES_ERROR;
				GCC_WARN_UNDECLARED_SELECTOR = YES;
				GCC_WARN_UNINITIALIZED_AUTOS = YES_AGGRESSIVE;
				GCC_WARN_UNUSED_FUNCTION = YES;
				GCC_WARN_UNUSED_VARIABLE = YES;
				IPHONEOS_DEPLOYMENT_TARGET = 9.3;
				MTL_ENABLE_DEBUG_INFO = YES;
				ONLY_ACTIVE_ARCH = YES;
				SDKROOT = iphoneos;
				SWIFT_OPTIMIZATION_LEVEL = "-Onone";
			};
			name = Debug;
		};
		828272841D6AE66600787325 /* Release */ = {
			isa = XCBuildConfiguration;
			buildSettings = {
				ALWAYS_SEARCH_USER_PATHS = NO;
				CLANG_ANALYZER_NONNULL = YES;
				CLANG_CXX_LANGUAGE_STANDARD = "gnu++0x";
				CLANG_CXX_LIBRARY = "libc++";
				CLANG_ENABLE_MODULES = YES;
				CLANG_ENABLE_OBJC_ARC = YES;
				CLANG_WARN_BOOL_CONVERSION = YES;
				CLANG_WARN_CONSTANT_CONVERSION = YES;
				CLANG_WARN_DIRECT_OBJC_ISA_USAGE = YES_ERROR;
				CLANG_WARN_EMPTY_BODY = YES;
				CLANG_WARN_ENUM_CONVERSION = YES;
				CLANG_WARN_INT_CONVERSION = YES;
				CLANG_WARN_OBJC_ROOT_CLASS = YES_ERROR;
				CLANG_WARN_UNREACHABLE_CODE = YES;
				CLANG_WARN__DUPLICATE_METHOD_MATCH = YES;
				"CODE_SIGN_IDENTITY[sdk=iphoneos*]" = "iPhone Developer";
				COPY_PHASE_STRIP = NO;
				DEBUG_INFORMATION_FORMAT = "dwarf-with-dsym";
				ENABLE_NS_ASSERTIONS = NO;
				ENABLE_STRICT_OBJC_MSGSEND = YES;
				GCC_C_LANGUAGE_STANDARD = gnu99;
				GCC_NO_COMMON_BLOCKS = YES;
				GCC_WARN_64_TO_32_BIT_CONVERSION = YES;
				GCC_WARN_ABOUT_RETURN_TYPE = YES_ERROR;
				GCC_WARN_UNDECLARED_SELECTOR = YES;
				GCC_WARN_UNINITIALIZED_AUTOS = YES_AGGRESSIVE;
				GCC_WARN_UNUSED_FUNCTION = YES;
				GCC_WARN_UNUSED_VARIABLE = YES;
				IPHONEOS_DEPLOYMENT_TARGET = 9.3;
				MTL_ENABLE_DEBUG_INFO = NO;
				SDKROOT = iphoneos;
				VALIDATE_PRODUCT = YES;
			};
			name = Release;
		};
		828272861D6AE66600787325 /* Debug */ = {
			isa = XCBuildConfiguration;
			buildSettings = {
				ASSETCATALOG_COMPILER_APPICON_NAME = AppIcon;
				INFOPLIST_FILE = "MemeMe v1.0/Info.plist";
				LD_RUNPATH_SEARCH_PATHS = "$(inherited) @executable_path/Frameworks";
				PRODUCT_BUNDLE_IDENTIFIER = "sokravtsov.MemeMe-v1-0";
				PRODUCT_NAME = "$(TARGET_NAME)";
			};
			name = Debug;
		};
		828272871D6AE66600787325 /* Release */ = {
			isa = XCBuildConfiguration;
			buildSettings = {
				ASSETCATALOG_COMPILER_APPICON_NAME = AppIcon;
				INFOPLIST_FILE = "MemeMe v1.0/Info.plist";
				LD_RUNPATH_SEARCH_PATHS = "$(inherited) @executable_path/Frameworks";
				PRODUCT_BUNDLE_IDENTIFIER = "sokravtsov.MemeMe-v1-0";
				PRODUCT_NAME = "$(TARGET_NAME)";
			};
			name = Release;
		};
/* End XCBuildConfiguration section */

/* Begin XCConfigurationList section */
		8282726E1D6AE66600787325 /* Build configuration list for PBXProject "MemeMe v1.0" */ = {
			isa = XCConfigurationList;
			buildConfigurations = (
				828272831D6AE66600787325 /* Debug */,
				828272841D6AE66600787325 /* Release */,
			);
			defaultConfigurationIsVisible = 0;
			defaultConfigurationName = Release;
		};
		828272851D6AE66600787325 /* Build configuration list for PBXNativeTarget "MemeMe v1.0" */ = {
			isa = XCConfigurationList;
			buildConfigurations = (
				828272861D6AE66600787325 /* Debug */,
				828272871D6AE66600787325 /* Release */,
			);
			defaultConfigurationIsVisible = 0;
			defaultConfigurationName = Release;
		};
/* End XCConfigurationList section */
	};
	rootObject = 8282726B1D6AE66600787325 /* Project object */;
}
